{
  "name": "@sparticuz/chromium",
  "version": "126.0.0",
  "lockfileVersion": 3,
  "requires": true,
  "packages": {
    "": {
      "name": "@sparticuz/chromium",
      "version": "126.0.0",
      "license": "MIT",
      "dependencies": {
        "follow-redirects": "^1.15.6",
        "tar-fs": "^3.0.6"
      },
      "devDependencies": {
        "@tsconfig/node20": "^20.1.4",
        "@tsconfig/strictest": "^2.0.5",
        "@types/follow-redirects": "^1.14.4",
        "@types/node": "^20.14.10",
        "@types/tar-fs": "^2.0.4",
        "clean-modules": "^3.0.5",
        "typescript": "^5.5.3"
      },
      "engines": {
        "node": ">= 16"
      }
    },
    "node_modules/@tsconfig/node20": {
      "version": "20.1.4",
      "resolved": "https://registry.npmjs.org/@tsconfig/node20/-/node20-20.1.4.tgz",
      "integrity": "sha512-sqgsT69YFeLWf5NtJ4Xq/xAF8p4ZQHlmGW74Nu2tD4+g5fAsposc4ZfaaPixVu4y01BEiDCWLRDCvDM5JOsRxg==",
      "dev": true
    },
    "node_modules/@tsconfig/strictest": {
      "version": "2.0.5",
      "resolved": "https://registry.npmjs.org/@tsconfig/strictest/-/strictest-2.0.5.tgz",
      "integrity": "sha512-ec4tjL2Rr0pkZ5hww65c+EEPYwxOi4Ryv+0MtjeaSQRJyq322Q27eOQiFbuNgw2hpL4hB1/W/HBGk3VKS43osg==",
      "dev": true
    },
    "node_modules/@types/follow-redirects": {
      "version": "1.14.4",
      "resolved": "https://registry.npmjs.org/@types/follow-redirects/-/follow-redirects-1.14.4.tgz",
      "integrity": "sha512-GWXfsD0Jc1RWiFmMuMFCpXMzi9L7oPDVwxUnZdg89kDNnqsRfUKXEtUYtA98A6lig1WXH/CYY/fvPW9HuN5fTA==",
      "dev": true,
      "dependencies": {
        "@types/node": "*"
      }
    },
    "node_modules/@types/node": {
      "version": "20.14.10",
      "resolved": "https://registry.npmjs.org/@types/node/-/node-20.14.10.tgz",
      "integrity": "sha512-MdiXf+nDuMvY0gJKxyfZ7/6UFsETO7mGKF54MVD/ekJS6HdFtpZFBgrh6Pseu64XTb2MLyFPlbW6hj8HYRQNOQ==",
      "dev": true,
      "dependencies": {
        "undici-types": "~5.26.4"
      }
    },
    "node_modules/@types/tar-fs": {
      "version": "2.0.4",
      "resolved": "https://registry.npmjs.org/@types/tar-fs/-/tar-fs-2.0.4.tgz",
      "integrity": "sha512-ipPec0CjTmVDWE+QKr9cTmIIoTl7dFG/yARCM5MqK8i6CNLIG1P8x4kwDsOQY1ChZOZjH0wO9nvfgBvWl4R3kA==",
      "dev": true,
      "dependencies": {
        "@types/node": "*",
        "@types/tar-stream": "*"
      }
    },
    "node_modules/@types/tar-stream": {
      "version": "2.2.2",
      "resolved": "https://registry.npmjs.org/@types/tar-stream/-/tar-stream-2.2.2.tgz",
      "integrity": "sha512-1AX+Yt3icFuU6kxwmPakaiGrJUwG44MpuiqPg4dSolRFk6jmvs4b3IbUol9wKDLIgU76gevn3EwE8y/DkSJCZQ==",
      "dev": true,
      "dependencies": {
        "@types/node": "*"
      }
    },
    "node_modules/b4a": {
      "version": "1.6.4",
      "resolved": "https://registry.npmjs.org/b4a/-/b4a-1.6.4.tgz",
      "integrity": "sha512-fpWrvyVHEKyeEvbKZTVOeZF3VSKKWtJxFIxX/jaVPf+cLbGUSitjb49pHLqPV2BUNNZ0LcoeEGfE/YCpyDYHIw=="
    },
    "node_modules/bare-events": {
      "version": "2.2.0",
      "resolved": "https://registry.npmjs.org/bare-events/-/bare-events-2.2.0.tgz",
      "integrity": "sha512-Yyyqff4PIFfSuthCZqLlPISTWHmnQxoPuAvkmgzsJEmG3CesdIv6Xweayl0JkCZJSB2yYIdJyEz97tpxNhgjbg==",
      "optional": true
    },
    "node_modules/bare-fs": {
      "version": "2.1.5",
      "resolved": "https://registry.npmjs.org/bare-fs/-/bare-fs-2.1.5.tgz",
      "integrity": "sha512-5t0nlecX+N2uJqdxe9d18A98cp2u9BETelbjKpiVgQqzzmVNFYWEAjQHqS+2Khgto1vcwhik9cXucaj5ve2WWA==",
      "optional": true,
      "dependencies": {
        "bare-events": "^2.0.0",
        "bare-os": "^2.0.0",
        "bare-path": "^2.0.0",
        "streamx": "^2.13.0"
      }
    },
    "node_modules/bare-os": {
      "version": "2.2.0",
      "resolved": "https://registry.npmjs.org/bare-os/-/bare-os-2.2.0.tgz",
      "integrity": "sha512-hD0rOPfYWOMpVirTACt4/nK8mC55La12K5fY1ij8HAdfQakD62M+H4o4tpfKzVGLgRDTuk3vjA4GqGXXCeFbag==",
      "optional": true
    },
    "node_modules/bare-path": {
      "version": "2.1.0",
      "resolved": "https://registry.npmjs.org/bare-path/-/bare-path-2.1.0.tgz",
      "integrity": "sha512-DIIg7ts8bdRKwJRJrUMy/PICEaQZaPGZ26lsSx9MJSwIhSrcdHn7/C8W+XmnG/rKi6BaRcz+JO00CjZteybDtw==",
      "optional": true,
      "dependencies": {
        "bare-os": "^2.1.0"
      }
    },
    "node_modules/clean-modules": {
      "version": "3.0.5",
      "resolved": "https://registry.npmjs.org/clean-modules/-/clean-modules-3.0.5.tgz",
      "integrity": "sha512-gRW2hxNEE+xunuv/lkdPQ6UAqhs6CGoshLxOZ6eqy2ytkUAyzSoQ4fFj8/51jAfmJhrbuBGd/8hnvplIp8KRDg==",
      "dev": true,
      "dependencies": {
        "clipanion": "^3.2.1",
        "picomatch": "^2.3.0",
        "pretty-bytes": "^6.1.0",
        "pretty-ms": "^8.0.0",
        "supports-color": "^9.4.0"
      },
      "bin": {
        "clean-modules": "bin/cli.js"
      },
      "engines": {
        "node": ">=14"
      }
    },
    "node_modules/clipanion": {
      "version": "3.2.1",
      "resolved": "https://registry.npmjs.org/clipanion/-/clipanion-3.2.1.tgz",
      "integrity": "sha512-dYFdjLb7y1ajfxQopN05mylEpK9ZX0sO1/RfMXdfmwjlIsPkbh4p7A682x++zFPLDCo1x3p82dtljHf5cW2LKA==",
      "dev": true,
      "dependencies": {
        "typanion": "^3.8.0"
      },
      "peerDependencies": {
        "typanion": "*"
      }
    },
    "node_modules/end-of-stream": {
      "version": "1.4.4",
      "resolved": "https://registry.npmjs.org/end-of-stream/-/end-of-stream-1.4.4.tgz",
      "integrity": "sha512-+uw1inIHVPQoaVuHzRyXd21icM+cnt4CzD5rW+NC1wjOUSTOs+Te7FOv7AhN7vS9x/oIyhLP5PR1H+phQAHu5Q==",
      "dependencies": {
        "once": "^1.4.0"
      }
    },
    "node_modules/fast-fifo": {
      "version": "1.3.0",
      "resolved": "https://registry.npmjs.org/fast-fifo/-/fast-fifo-1.3.0.tgz",
      "integrity": "sha512-IgfweLvEpwyA4WgiQe9Nx6VV2QkML2NkvZnk1oKnIzXgXdWxuhF7zw4DvLTPZJn6PIUneiAXPF24QmoEqHTjyw=="
    },
    "node_modules/follow-redirects": {
      "version": "1.15.6",
      "resolved": "https://registry.npmjs.org/follow-redirects/-/follow-redirects-1.15.6.tgz",
      "integrity": "sha512-wWN62YITEaOpSK584EZXJafH1AGpO8RVgElfkuXbTOrPX4fIfOyEpW/CsiNd8JdYrAoOvafRTOEnvsO++qCqFA==",
      "funding": [
        {
          "type": "individual",
          "url": "https://github.com/sponsors/RubenVerborgh"
        }
      ],
      "engines": {
        "node": ">=4.0"
      },
      "peerDependenciesMeta": {
        "debug": {
          "optional": true
        }
      }
    },
    "node_modules/once": {
      "version": "1.4.0",
      "resolved": "https://registry.npmjs.org/once/-/once-1.4.0.tgz",
      "integrity": "sha512-lNaJgI+2Q5URQBkccEKHTQOPaXdUxnZZElQTZY0MFUAuaEqe1E+Nyvgdz/aIyNi6Z9MzO5dv1H8n58/GELp3+w==",
      "dependencies": {
        "wrappy": "1"
      }
    },
    "node_modules/parse-ms": {
      "version": "3.0.0",
      "resolved": "https://registry.npmjs.org/parse-ms/-/parse-ms-3.0.0.tgz",
      "integrity": "sha512-Tpb8Z7r7XbbtBTrM9UhpkzzaMrqA2VXMT3YChzYltwV3P3pM6t8wl7TvpMnSTosz1aQAdVib7kdoys7vYOPerw==",
      "dev": true,
      "engines": {
        "node": ">=12"
      },
      "funding": {
        "url": "https://github.com/sponsors/sindresorhus"
      }
    },
    "node_modules/picomatch": {
      "version": "2.3.1",
      "resolved": "https://registry.npmjs.org/picomatch/-/picomatch-2.3.1.tgz",
      "integrity": "sha512-JU3teHTNjmE2VCGFzuY8EXzCDVwEqB2a8fsIvwaStHhAWJEeVd1o1QD80CU6+ZdEXXSLbSsuLwJjkCBWqRQUVA==",
      "dev": true,
      "engines": {
        "node": ">=8.6"
      },
      "funding": {
        "url": "https://github.com/sponsors/jonschlinkert"
      }
    },
    "node_modules/pretty-bytes": {
      "version": "6.1.1",
      "resolved": "https://registry.npmjs.org/pretty-bytes/-/pretty-bytes-6.1.1.tgz",
      "integrity": "sha512-mQUvGU6aUFQ+rNvTIAcZuWGRT9a6f6Yrg9bHs4ImKF+HZCEK+plBvnAZYSIQztknZF2qnzNtr6F8s0+IuptdlQ==",
      "dev": true,
      "engines": {
        "node": "^14.13.1 || >=16.0.0"
      },
      "funding": {
        "url": "https://github.com/sponsors/sindresorhus"
      }
    },
    "node_modules/pretty-ms": {
      "version": "8.0.0",
      "resolved": "https://registry.npmjs.org/pretty-ms/-/pretty-ms-8.0.0.tgz",
      "integrity": "sha512-ASJqOugUF1bbzI35STMBUpZqdfYKlJugy6JBziGi2EE+AL5JPJGSzvpeVXojxrr0ViUYoToUjb5kjSEGf7Y83Q==",
      "dev": true,
      "dependencies": {
        "parse-ms": "^3.0.0"
      },
      "engines": {
        "node": ">=14.16"
      },
      "funding": {
        "url": "https://github.com/sponsors/sindresorhus"
      }
    },
    "node_modules/pump": {
      "version": "3.0.0",
      "resolved": "https://registry.npmjs.org/pump/-/pump-3.0.0.tgz",
      "integrity": "sha512-LwZy+p3SFs1Pytd/jYct4wpv49HiYCqd9Rlc5ZVdk0V+8Yzv6jR5Blk3TRmPL1ft69TxP0IMZGJ+WPFU2BFhww==",
      "dependencies": {
        "end-of-stream": "^1.1.0",
        "once": "^1.3.1"
      }
    },
    "node_modules/queue-tick": {
      "version": "1.0.1",
      "resolved": "https://registry.npmjs.org/queue-tick/-/queue-tick-1.0.1.tgz",
      "integrity": "sha512-kJt5qhMxoszgU/62PLP1CJytzd2NKetjSRnyuj31fDd3Rlcz3fzlFdFLD1SItunPwyqEOkca6GbV612BWfaBag=="
    },
    "node_modules/streamx": {
      "version": "2.15.1",
      "resolved": "https://registry.npmjs.org/streamx/-/streamx-2.15.1.tgz",
      "integrity": "sha512-fQMzy2O/Q47rgwErk/eGeLu/roaFWV0jVsogDmrszM9uIw8L5OA+t+V93MgYlufNptfjmYR1tOMWhei/Eh7TQA==",
      "dependencies": {
        "fast-fifo": "^1.1.0",
        "queue-tick": "^1.0.1"
      }
    },
    "node_modules/supports-color": {
      "version": "9.4.0",
      "resolved": "https://registry.npmjs.org/supports-color/-/supports-color-9.4.0.tgz",
      "integrity": "sha512-VL+lNrEoIXww1coLPOmiEmK/0sGigko5COxI09KzHc2VJXJsQ37UaQ+8quuxjDeA7+KnLGTWRyOXSLLR2Wb4jw==",
      "dev": true,
      "engines": {
        "node": ">=12"
      },
      "funding": {
        "url": "https://github.com/chalk/supports-color?sponsor=1"
      }
    },
    "node_modules/tar-fs": {
      "version": "3.0.6",
      "resolved": "https://registry.npmjs.org/tar-fs/-/tar-fs-3.0.6.tgz",
      "integrity": "sha512-iokBDQQkUyeXhgPYaZxmczGPhnhXZ0CmrqI+MOb/WFGS9DW5wnfrLgtjUJBvz50vQ3qfRwJ62QVoCFu8mPVu5w==",
      "dependencies": {
        "pump": "^3.0.0",
        "tar-stream": "^3.1.5"
      },
      "optionalDependencies": {
        "bare-fs": "^2.1.1",
        "bare-path": "^2.1.0"
      }
    },
    "node_modules/tar-stream": {
      "version": "3.1.6",
      "resolved": "https://registry.npmjs.org/tar-stream/-/tar-stream-3.1.6.tgz",
      "integrity": "sha512-B/UyjYwPpMBv+PaFSWAmtYjwdrlEaZQEhMIBFNC5oEG8lpiW8XjcSdmEaClj28ArfKScKHs2nshz3k2le6crsg==",
      "dependencies": {
        "b4a": "^1.6.4",
        "fast-fifo": "^1.2.0",
        "streamx": "^2.15.0"
      }
    },
    "node_modules/typanion": {
      "version": "3.14.0",
      "resolved": "https://registry.npmjs.org/typanion/-/typanion-3.14.0.tgz",
      "integrity": "sha512-ZW/lVMRabETuYCd9O9ZvMhAh8GslSqaUjxmK/JLPCh6l73CvLBiuXswj/+7LdnWOgYsQ130FqLzFz5aGT4I3Ug==",
      "dev": true
    },
    "node_modules/typescript": {
      "version": "5.5.3",
      "resolved": "https://registry.npmjs.org/typescript/-/typescript-5.5.3.tgz",
      "integrity": "sha512-/hreyEujaB0w76zKo6717l3L0o/qEUtRgdvUBvlkhoWeOVMjMuHNHk0BRBzikzuGDqNmPQbg5ifMEqsHLiIUcQ==",
      "dev": true,
      "bin": {
        "tsc": "bin/tsc",
        "tsserver": "bin/tsserver"
      },
      "engines": {
        "node": ">=14.17"
      }
    },
    "node_modules/undici-types": {
      "version": "5.26.5",
      "resolved": "https://registry.npmjs.org/undici-types/-/undici-types-5.26.5.tgz",
      "integrity": "sha512-JlCMO+ehdEIKqlFxk6IfVoAUVmgz7cU7zD/h9XZ0qzeosSHmUJVOzSQvvYSYWXkFXC+IfLKSIffhv0sVZup6pA==",
      "dev": true
    },
    "node_modules/wrappy": {
      "version": "1.0.2",
      "resolved": "https://registry.npmjs.org/wrappy/-/wrappy-1.0.2.tgz",
      "integrity": "sha512-l4Sp/DRseor9wL6EvV2+TuQn63dMkPjZ/sp9XkghTEbV9KlPS1xUsZ3u7/IQO4wxtcFB4bgpQPRcR3QCvezPcQ=="
    }
  }
}
